
Microsoft Visual Studio Solution File, Format Version 12.00
# Visual Studio Version 16
VisualStudioVersion = 16.0.28803.156
MinimumVisualStudioVersion = 10.0.40219.1
Project("{FAE04EC0-301F-11D3-BF4B-00C04F79EFBC}") = "DbAccess", "DbAccess\DbAccess.csproj", "{8A2EACA0-FAB2-4315-A697-86A29D4F2C9B}"
EndProject
Project("{FAE04EC0-301F-11D3-BF4B-00C04F79EFBC}") = "ViewModelLayer", "ViewModelLayer\ViewModelLayer.csproj", "{5D1B04AA-2C92-41D7-B0E7-3A9E024781DA}"
EndProject
Project("{FAE04EC0-301F-11D3-BF4B-00C04F79EFBC}") = "WpfApp", "WpfApp\WpfApp.csproj", "{3977E7D0-2CD2-4556-8743-EB63247A8B28}"
EndProject
Project("{FAE04EC0-301F-11D3-BF4B-00C04F79EFBC}") = "AutofacModules", "AutofacModules\AutofacModules.csproj", "{3115CE71-B22A-481B-B8E7-20B356E8239D}"
EndProject
Project("{FAE04EC0-301F-11D3-BF4B-00C04F79EFBC}") = "MvcUI", "MvcUI\MvcUI.csproj", "{7E992C67-5B30-48FA-A778-5815D9ECE251}"
EndProject
Project("{FAE04EC0-301F-11D3-BF4B-00C04F79EFBC}") = "UnitTesting", "UnitTesting\UnitTesting.csproj", "{4B90A534-A09B-4EE3-80FA-F340D3723EF2}"
EndProject
Global
	GlobalSection(SolutionConfigurationPlatforms) = preSolution
		Debug|Any CPU = Debug|Any CPU
		Release|Any CPU = Release|Any CPU
	EndGlobalSection
	GlobalSection(ProjectConfigurationPlatforms) = postSolution
		{8A2EACA0-FAB2-4315-A697-86A29D4F2C9B}.Debug|Any CPU.ActiveCfg = Debug|Any CPU
		{8A2EACA0-FAB2-4315-A697-86A29D4F2C9B}.Debug|Any CPU.Build.0 = Debug|Any CPU
		{8A2EACA0-FAB2-4315-A697-86A29D4F2C9B}.Release|Any CPU.ActiveCfg = Release|Any CPU
		{8A2EACA0-FAB2-4315-A697-86A29D4F2C9B}.Release|Any CPU.Build.0 = Release|Any CPU
		{5D1B04AA-2C92-41D7-B0E7-3A9E024781DA}.Debug|Any CPU.ActiveCfg = Debug|Any CPU
		{5D1B04AA-2C92-41D7-B0E7-3A9E024781DA}.Debug|Any CPU.Build.0 = Debug|Any CPU
		{5D1B04AA-2C92-41D7-B0E7-3A9E024781DA}.Release|Any CPU.ActiveCfg = Release|Any CPU
		{5D1B04AA-2C92-41D7-B0E7-3A9E024781DA}.Release|Any CPU.Build.0 = Release|Any CPU
		{3977E7D0-2CD2-4556-8743-EB63247A8B28}.Debug|Any CPU.ActiveCfg = Debug|Any CPU
		{3977E7D0-2CD2-4556-8743-EB63247A8B28}.Debug|Any CPU.Build.0 = Debug|Any CPU
		{3977E7D0-2CD2-4556-8743-EB63247A8B28}.Release|Any CPU.ActiveCfg = Release|Any CPU
		{3977E7D0-2CD2-4556-8743-EB63247A8B28}.Release|Any CPU.Build.0 = Release|Any CPU
		{3115CE71-B22A-481B-B8E7-20B356E8239D}.Debug|Any CPU.ActiveCfg = Debug|Any CPU
		{3115CE71-B22A-481B-B8E7-20B356E8239D}.Debug|Any CPU.Build.0 = Debug|Any CPU
		{3115CE71-B22A-481B-B8E7-20B356E8239D}.Release|Any CPU.ActiveCfg = Release|Any CPU
		{3115CE71-B22A-481B-B8E7-20B356E8239D}.Release|Any CPU.Build.0 = Release|Any CPU
		{7E992C67-5B30-48FA-A778-5815D9ECE251}.Debug|Any CPU.ActiveCfg = Debug|Any CPU
		{7E992C67-5B30-48FA-A778-5815D9ECE251}.Debug|Any CPU.Build.0 = Debug|Any CPU
		{7E992C67-5B30-48FA-A778-5815D9ECE251}.Release|Any CPU.ActiveCfg = Release|Any CPU
		{7E992C67-5B30-48FA-A778-5815D9ECE251}.Release|Any CPU.Build.0 = Release|Any CPU
		{4B90A534-A09B-4EE3-80FA-F340D3723EF2}.Debug|Any CPU.ActiveCfg = Debug|Any CPU
		{4B90A534-A09B-4EE3-80FA-F340D3723EF2}.Debug|Any CPU.Build.0 = Debug|Any CPU
		{4B90A534-A09B-4EE3-80FA-F340D3723EF2}.Release|Any CPU.ActiveCfg = Release|Any CPU
		{4B90A534-A09B-4EE3-80FA-F340D3723EF2}.Release|Any CPU.Build.0 = Release|Any CPU
	EndGlobalSection
	GlobalSection(SolutionProperties) = preSolution
		HideSolutionNode = FALSE
	EndGlobalSection
	GlobalSection(ExtensibilityGlobals) = postSolution
		SolutionGuid = {33E8D9F3-52E5-44D8-991F-77DBD5DFC8CE}
	EndGlobalSection
EndGlobal
